
Microsoft Visual Studio Solution File, Format Version 11.00
# Visual Studio 2010
Project("{FAE04EC0-301F-11D3-BF4B-00C04F79EFBC}") = "DAO", "DAO\DAO.csproj", "{D93D51EE-06D7-40F7-A5E1-AB05929201D3}"
EndProject
Project("{FAE04EC0-301F-11D3-BF4B-00C04F79EFBC}") = "BO", "BO\BO.csproj", "{CA7199DE-F43A-445F-9F4E-32BF632F7565}"
EndProject
Project("{FAE04EC0-301F-11D3-BF4B-00C04F79EFBC}") = "UIWindows", "UIWindows\UIWindows.csproj", "{2FC97A7E-33FC-42D0-B27D-F527D2C65158}"
EndProject
Project("{FAE04EC0-301F-11D3-BF4B-00C04F79EFBC}") = "Model", "Model\Model.csproj", "{62A65481-B931-4169-A361-A9A573478AC0}"
EndProject
Global
	GlobalSection(SolutionConfigurationPlatforms) = preSolution
		Debug|Any CPU = Debug|Any CPU
		Debug|Mixed Platforms = Debug|Mixed Platforms
		Debug|x86 = Debug|x86
		Release|Any CPU = Release|Any CPU
		Release|Mixed Platforms = Release|Mixed Platforms
		Release|x86 = Release|x86
	EndGlobalSection
	GlobalSection(ProjectConfigurationPlatforms) = postSolution
		{D93D51EE-06D7-40F7-A5E1-AB05929201D3}.Debug|Any CPU.ActiveCfg = Debug|Any CPU
		{D93D51EE-06D7-40F7-A5E1-AB05929201D3}.Debug|Any CPU.Build.0 = Debug|Any CPU
		{D93D51EE-06D7-40F7-A5E1-AB05929201D3}.Debug|Mixed Platforms.ActiveCfg = Debug|Any CPU
		{D93D51EE-06D7-40F7-A5E1-AB05929201D3}.Debug|Mixed Platforms.Build.0 = Debug|Any CPU
		{D93D51EE-06D7-40F7-A5E1-AB05929201D3}.Debug|x86.ActiveCfg = Debug|Any CPU
		{D93D51EE-06D7-40F7-A5E1-AB05929201D3}.Release|Any CPU.ActiveCfg = Release|Any CPU
		{D93D51EE-06D7-40F7-A5E1-AB05929201D3}.Release|Any CPU.Build.0 = Release|Any CPU
		{D93D51EE-06D7-40F7-A5E1-AB05929201D3}.Release|Mixed Platforms.ActiveCfg = Release|Any CPU
		{D93D51EE-06D7-40F7-A5E1-AB05929201D3}.Release|Mixed Platforms.Build.0 = Release|Any CPU
		{D93D51EE-06D7-40F7-A5E1-AB05929201D3}.Release|x86.ActiveCfg = Release|Any CPU
		{CA7199DE-F43A-445F-9F4E-32BF632F7565}.Debug|Any CPU.ActiveCfg = Debug|Any CPU
		{CA7199DE-F43A-445F-9F4E-32BF632F7565}.Debug|Any CPU.Build.0 = Debug|Any CPU
		{CA7199DE-F43A-445F-9F4E-32BF632F7565}.Debug|Mixed Platforms.ActiveCfg = Debug|Any CPU
		{CA7199DE-F43A-445F-9F4E-32BF632F7565}.Debug|Mixed Platforms.Build.0 = Debug|Any CPU
		{CA7199DE-F43A-445F-9F4E-32BF632F7565}.Debug|x86.ActiveCfg = Debug|Any CPU
		{CA7199DE-F43A-445F-9F4E-32BF632F7565}.Release|Any CPU.ActiveCfg = Release|Any CPU
		{CA7199DE-F43A-445F-9F4E-32BF632F7565}.Release|Any CPU.Build.0 = Release|Any CPU
		{CA7199DE-F43A-445F-9F4E-32BF632F7565}.Release|Mixed Platforms.ActiveCfg = Release|Any CPU
		{CA7199DE-F43A-445F-9F4E-32BF632F7565}.Release|Mixed Platforms.Build.0 = Release|Any CPU
		{CA7199DE-F43A-445F-9F4E-32BF632F7565}.Release|x86.ActiveCfg = Release|Any CPU
		{2FC97A7E-33FC-42D0-B27D-F527D2C65158}.Debug|Any CPU.ActiveCfg = Debug|x86
		{2FC97A7E-33FC-42D0-B27D-F527D2C65158}.Debug|Mixed Platforms.ActiveCfg = Debug|x86
		{2FC97A7E-33FC-42D0-B27D-F527D2C65158}.Debug|Mixed Platforms.Build.0 = Debug|x86
		{2FC97A7E-33FC-42D0-B27D-F527D2C65158}.Debug|x86.ActiveCfg = Debug|x86
		{2FC97A7E-33FC-42D0-B27D-F527D2C65158}.Debug|x86.Build.0 = Debug|x86
		{2FC97A7E-33FC-42D0-B27D-F527D2C65158}.Release|Any CPU.ActiveCfg = Release|x86
		{2FC97A7E-33FC-42D0-B27D-F527D2C65158}.Release|Mixed Platforms.ActiveCfg = Release|x86
		{2FC97A7E-33FC-42D0-B27D-F527D2C65158}.Release|Mixed Platforms.Build.0 = Release|x86
		{2FC97A7E-33FC-42D0-B27D-F527D2C65158}.Release|x86.ActiveCfg = Release|x86
		{2FC97A7E-33FC-42D0-B27D-F527D2C65158}.Release|x86.Build.0 = Release|x86
		{62A65481-B931-4169-A361-A9A573478AC0}.Debug|Any CPU.ActiveCfg = Debug|Any CPU
		{62A65481-B931-4169-A361-A9A573478AC0}.Debug|Any CPU.Build.0 = Debug|Any CPU
		{62A65481-B931-4169-A361-A9A573478AC0}.Debug|Mixed Platforms.ActiveCfg = Debug|Any CPU
		{62A65481-B931-4169-A361-A9A573478AC0}.Debug|Mixed Platforms.Build.0 = Debug|Any CPU
		{62A65481-B931-4169-A361-A9A573478AC0}.Debug|x86.ActiveCfg = Debug|Any CPU
		{62A65481-B931-4169-A361-A9A573478AC0}.Release|Any CPU.ActiveCfg = Release|Any CPU
		{62A65481-B931-4169-A361-A9A573478AC0}.Release|Any CPU.Build.0 = Release|Any CPU
		{62A65481-B931-4169-A361-A9A573478AC0}.Release|Mixed Platforms.ActiveCfg = Release|Any CPU
		{62A65481-B931-4169-A361-A9A573478AC0}.Release|Mixed Platforms.Build.0 = Release|Any CPU
		{62A65481-B931-4169-A361-A9A573478AC0}.Release|x86.ActiveCfg = Release|Any CPU
	EndGlobalSection
	GlobalSection(SolutionProperties) = preSolution
		HideSolutionNode = FALSE
	EndGlobalSection
EndGlobal
